
Microsoft Visual Studio Solution File, Format Version 12.00
# Visual Studio Version 17
VisualStudioVersion = 17.6.33815.320
MinimumVisualStudioVersion = 10.0.40219.1
Project("{FAE04EC0-301F-11D3-BF4B-00C04F79EFBC}") = "Encapsulation", "Encapsulation\Encapsulation.csproj", "{3ABFBC80-A517-40A2-B55F-1A46ACA6ABEB}"
EndProject
Global
	GlobalSection(SolutionConfigurationPlatforms) = preSolution
		Debug|Any CPU = Debug|Any CPU
		Release|Any CPU = Release|Any CPU
	EndGlobalSection
	GlobalSection(ProjectConfigurationPlatforms) = postSolution
		{3ABFBC80-A517-40A2-B55F-1A46ACA6ABEB}.Debug|Any CPU.ActiveCfg = Debug|Any CPU
		{3ABFBC80-A517-40A2-B55F-1A46ACA6ABEB}.Debug|Any CPU.Build.0 = Debug|Any CPU
		{3ABFBC80-A517-40A2-B55F-1A46ACA6ABEB}.Release|Any CPU.ActiveCfg = Release|Any CPU
		{3ABFBC80-A517-40A2-B55F-1A46ACA6ABEB}.Release|Any CPU.Build.0 = Release|Any CPU
	EndGlobalSection
	GlobalSection(SolutionProperties) = preSolution
		HideSolutionNode = FALSE
	EndGlobalSection
	GlobalSection(ExtensibilityGlobals) = postSolution
		SolutionGuid = {A8C7A3D4-E057-4A8C-8C84-1FB73DD1FCC9}
	EndGlobalSection
EndGlobal
